
Microsoft Visual Studio Solution File, Format Version 12.00
# Visual Studio Version 17
VisualStudioVersion = 17.1.32414.318
MinimumVisualStudioVersion = 10.0.40219.1
Project("{FAE04EC0-301F-11D3-BF4B-00C04F79EFBC}") = "benhvien", "benhvien\benhvien.csproj", "{C132FB6C-EC77-4C23-B30B-E52B881E763B}"
EndProject
Global
	GlobalSection(SolutionConfigurationPlatforms) = preSolution
		Debug|Any CPU = Debug|Any CPU
		Release|Any CPU = Release|Any CPU
	EndGlobalSection
	GlobalSection(ProjectConfigurationPlatforms) = postSolution
		{C132FB6C-EC77-4C23-B30B-E52B881E763B}.Debug|Any CPU.ActiveCfg = Debug|Any CPU
		{C132FB6C-EC77-4C23-B30B-E52B881E763B}.Debug|Any CPU.Build.0 = Debug|Any CPU
		{C132FB6C-EC77-4C23-B30B-E52B881E763B}.Release|Any CPU.ActiveCfg = Release|Any CPU
		{C132FB6C-EC77-4C23-B30B-E52B881E763B}.Release|Any CPU.Build.0 = Release|Any CPU
	EndGlobalSection
	GlobalSection(SolutionProperties) = preSolution
		HideSolutionNode = FALSE
	EndGlobalSection
	GlobalSection(ExtensibilityGlobals) = postSolution
		SolutionGuid = {9B53B1C8-127C-4E99-BF67-0831FF2D4BC9}
	EndGlobalSection
EndGlobal
